
Microsoft Visual Studio Solution File, Format Version 12.00
# Visual Studio Version 16
VisualStudioVersion = 16.0.30114.105
MinimumVisualStudioVersion = 10.0.40219.1
Project("{FAE04EC0-301F-11D3-BF4B-00C04F79EFBC}") = "ToDo.Database", "ToDo.Database\ToDo.Database.csproj", "{A0CE798E-53B8-4A21-9466-0B19071188B4}"
EndProject
Project("{FAE04EC0-301F-11D3-BF4B-00C04F79EFBC}") = "ToDo.Types", "ToDo.Types\ToDo.Types.csproj", "{90D59EF0-999F-4D40-9E32-92A7078C54AA}"
EndProject
Project("{FAE04EC0-301F-11D3-BF4B-00C04F79EFBC}") = "ToDo.Tests", "ToDo.Tests\ToDo.Tests.csproj", "{A44AB853-C81C-4D9B-AACE-E1DC6ED85743}"
EndProject
Project("{FAE04EC0-301F-11D3-BF4B-00C04F79EFBC}") = "ToDo.ConsoleApp", "ToDo.ConsoleApp\ToDo.ConsoleApp.csproj", "{782376AB-88D5-4497-A698-177E314362A6}"
EndProject
Global
	GlobalSection(SolutionConfigurationPlatforms) = preSolution
		Debug|Any CPU = Debug|Any CPU
		Release|Any CPU = Release|Any CPU
	EndGlobalSection
	GlobalSection(SolutionProperties) = preSolution
		HideSolutionNode = FALSE
	EndGlobalSection
	GlobalSection(ProjectConfigurationPlatforms) = postSolution
		{A0CE798E-53B8-4A21-9466-0B19071188B4}.Debug|Any CPU.ActiveCfg = Debug|Any CPU
		{A0CE798E-53B8-4A21-9466-0B19071188B4}.Debug|Any CPU.Build.0 = Debug|Any CPU
		{A0CE798E-53B8-4A21-9466-0B19071188B4}.Release|Any CPU.ActiveCfg = Release|Any CPU
		{A0CE798E-53B8-4A21-9466-0B19071188B4}.Release|Any CPU.Build.0 = Release|Any CPU
		{90D59EF0-999F-4D40-9E32-92A7078C54AA}.Debug|Any CPU.ActiveCfg = Debug|Any CPU
		{90D59EF0-999F-4D40-9E32-92A7078C54AA}.Debug|Any CPU.Build.0 = Debug|Any CPU
		{90D59EF0-999F-4D40-9E32-92A7078C54AA}.Release|Any CPU.ActiveCfg = Release|Any CPU
		{90D59EF0-999F-4D40-9E32-92A7078C54AA}.Release|Any CPU.Build.0 = Release|Any CPU
		{A44AB853-C81C-4D9B-AACE-E1DC6ED85743}.Debug|Any CPU.ActiveCfg = Debug|Any CPU
		{A44AB853-C81C-4D9B-AACE-E1DC6ED85743}.Debug|Any CPU.Build.0 = Debug|Any CPU
		{A44AB853-C81C-4D9B-AACE-E1DC6ED85743}.Release|Any CPU.ActiveCfg = Release|Any CPU
		{A44AB853-C81C-4D9B-AACE-E1DC6ED85743}.Release|Any CPU.Build.0 = Release|Any CPU
		{782376AB-88D5-4497-A698-177E314362A6}.Debug|Any CPU.ActiveCfg = Debug|Any CPU
		{782376AB-88D5-4497-A698-177E314362A6}.Debug|Any CPU.Build.0 = Debug|Any CPU
		{782376AB-88D5-4497-A698-177E314362A6}.Release|Any CPU.ActiveCfg = Release|Any CPU
		{782376AB-88D5-4497-A698-177E314362A6}.Release|Any CPU.Build.0 = Release|Any CPU
	EndGlobalSection
EndGlobal
